
Microsoft Visual Studio Solution File, Format Version 12.00
# Visual Studio Version 16
VisualStudioVersion = 16.0.29905.134
MinimumVisualStudioVersion = 15.0.26124.0
Project("{9A19103F-16F7-4668-BE54-9A1E7A4F7556}") = "Stratiteq.Extensions", "src\Stratiteq.Extensions\Stratiteq.Extensions.csproj", "{BD339137-ACAA-4595-98FD-73AAB6DEDC0E}"
EndProject
Project("{9A19103F-16F7-4668-BE54-9A1E7A4F7556}") = "Stratiteq.Extensions.Tests", "tests\Stratiteq.Extensions.Tests\Stratiteq.Extensions.Tests.csproj", "{8A1B23C7-7399-4258-A420-8F0FD567AC25}"
EndProject
Project("{2150E333-8FDC-42A3-9474-1A3956D46DE8}") = "Solution Items", "Solution Items", "{95B9187B-D477-466F-93E6-5BADA27CDB8F}"
	ProjectSection(SolutionItems) = preProject
		Directory.Build.props = Directory.Build.props
		LICENSE = LICENSE
	EndProjectSection
EndProject
Project("{9A19103F-16F7-4668-BE54-9A1E7A4F7556}") = "Stratiteq.Extensions.Cryptography", "src\Stratiteq.Extensions.Cryptography\Stratiteq.Extensions.Cryptography.csproj", "{08C4D224-63DD-4F37-84AE-4932157521B4}"
EndProject
Project("{9A19103F-16F7-4668-BE54-9A1E7A4F7556}") = "Stratiteq.Extensions.Hosting", "src\Stratiteq.Extensions.Hosting\Stratiteq.Extensions.Hosting.csproj", "{B78E807E-7334-413F-81C1-9BDC0E2FDF1E}"
EndProject
Project("{9A19103F-16F7-4668-BE54-9A1E7A4F7556}") = "Stratiteq.Extensions.Configuration", "src\Stratiteq.Extensions.Configuration\Stratiteq.Extensions.Configuration.csproj", "{CBD4CE33-3E4F-480B-9993-01731455212F}"
EndProject
Global
	GlobalSection(SolutionConfigurationPlatforms) = preSolution
		Debug|Any CPU = Debug|Any CPU
		Debug|x64 = Debug|x64
		Debug|x86 = Debug|x86
		Release|Any CPU = Release|Any CPU
		Release|x64 = Release|x64
		Release|x86 = Release|x86
	EndGlobalSection
	GlobalSection(ProjectConfigurationPlatforms) = postSolution
		{BD339137-ACAA-4595-98FD-73AAB6DEDC0E}.Debug|Any CPU.ActiveCfg = Debug|Any CPU
		{BD339137-ACAA-4595-98FD-73AAB6DEDC0E}.Debug|Any CPU.Build.0 = Debug|Any CPU
		{BD339137-ACAA-4595-98FD-73AAB6DEDC0E}.Debug|x64.ActiveCfg = Debug|Any CPU
		{BD339137-ACAA-4595-98FD-73AAB6DEDC0E}.Debug|x64.Build.0 = Debug|Any CPU
		{BD339137-ACAA-4595-98FD-73AAB6DEDC0E}.Debug|x86.ActiveCfg = Debug|Any CPU
		{BD339137-ACAA-4595-98FD-73AAB6DEDC0E}.Debug|x86.Build.0 = Debug|Any CPU
		{BD339137-ACAA-4595-98FD-73AAB6DEDC0E}.Release|Any CPU.ActiveCfg = Release|Any CPU
		{BD339137-ACAA-4595-98FD-73AAB6DEDC0E}.Release|Any CPU.Build.0 = Release|Any CPU
		{BD339137-ACAA-4595-98FD-73AAB6DEDC0E}.Release|x64.ActiveCfg = Release|Any CPU
		{BD339137-ACAA-4595-98FD-73AAB6DEDC0E}.Release|x64.Build.0 = Release|Any CPU
		{BD339137-ACAA-4595-98FD-73AAB6DEDC0E}.Release|x86.ActiveCfg = Release|Any CPU
		{BD339137-ACAA-4595-98FD-73AAB6DEDC0E}.Release|x86.Build.0 = Release|Any CPU
		{8A1B23C7-7399-4258-A420-8F0FD567AC25}.Debug|Any CPU.ActiveCfg = Debug|Any CPU
		{8A1B23C7-7399-4258-A420-8F0FD567AC25}.Debug|Any CPU.Build.0 = Debug|Any CPU
		{8A1B23C7-7399-4258-A420-8F0FD567AC25}.Debug|x64.ActiveCfg = Debug|Any CPU
		{8A1B23C7-7399-4258-A420-8F0FD567AC25}.Debug|x64.Build.0 = Debug|Any CPU
		{8A1B23C7-7399-4258-A420-8F0FD567AC25}.Debug|x86.ActiveCfg = Debug|Any CPU
		{8A1B23C7-7399-4258-A420-8F0FD567AC25}.Debug|x86.Build.0 = Debug|Any CPU
		{8A1B23C7-7399-4258-A420-8F0FD567AC25}.Release|Any CPU.ActiveCfg = Release|Any CPU
		{8A1B23C7-7399-4258-A420-8F0FD567AC25}.Release|Any CPU.Build.0 = Release|Any CPU
		{8A1B23C7-7399-4258-A420-8F0FD567AC25}.Release|x64.ActiveCfg = Release|Any CPU
		{8A1B23C7-7399-4258-A420-8F0FD567AC25}.Release|x64.Build.0 = Release|Any CPU
		{8A1B23C7-7399-4258-A420-8F0FD567AC25}.Release|x86.ActiveCfg = Release|Any CPU
		{8A1B23C7-7399-4258-A420-8F0FD567AC25}.Release|x86.Build.0 = Release|Any CPU
		{08C4D224-63DD-4F37-84AE-4932157521B4}.Debug|Any CPU.ActiveCfg = Debug|Any CPU
		{08C4D224-63DD-4F37-84AE-4932157521B4}.Debug|Any CPU.Build.0 = Debug|Any CPU
		{08C4D224-63DD-4F37-84AE-4932157521B4}.Debug|x64.ActiveCfg = Debug|Any CPU
		{08C4D224-63DD-4F37-84AE-4932157521B4}.Debug|x64.Build.0 = Debug|Any CPU
		{08C4D224-63DD-4F37-84AE-4932157521B4}.Debug|x86.ActiveCfg = Debug|Any CPU
		{08C4D224-63DD-4F37-84AE-4932157521B4}.Debug|x86.Build.0 = Debug|Any CPU
		{08C4D224-63DD-4F37-84AE-4932157521B4}.Release|Any CPU.ActiveCfg = Release|Any CPU
		{08C4D224-63DD-4F37-84AE-4932157521B4}.Release|Any CPU.Build.0 = Release|Any CPU
		{08C4D224-63DD-4F37-84AE-4932157521B4}.Release|x64.ActiveCfg = Release|Any CPU
		{08C4D224-63DD-4F37-84AE-4932157521B4}.Release|x64.Build.0 = Release|Any CPU
		{08C4D224-63DD-4F37-84AE-4932157521B4}.Release|x86.ActiveCfg = Release|Any CPU
		{08C4D224-63DD-4F37-84AE-4932157521B4}.Release|x86.Build.0 = Release|Any CPU
		{B78E807E-7334-413F-81C1-9BDC0E2FDF1E}.Debug|Any CPU.ActiveCfg = Debug|Any CPU
		{B78E807E-7334-413F-81C1-9BDC0E2FDF1E}.Debug|Any CPU.Build.0 = Debug|Any CPU
		{B78E807E-7334-413F-81C1-9BDC0E2FDF1E}.Debug|x64.ActiveCfg = Debug|Any CPU
		{B78E807E-7334-413F-81C1-9BDC0E2FDF1E}.Debug|x64.Build.0 = Debug|Any CPU
		{B78E807E-7334-413F-81C1-9BDC0E2FDF1E}.Debug|x86.ActiveCfg = Debug|Any CPU
		{B78E807E-7334-413F-81C1-9BDC0E2FDF1E}.Debug|x86.Build.0 = Debug|Any CPU
		{B78E807E-7334-413F-81C1-9BDC0E2FDF1E}.Release|Any CPU.ActiveCfg = Release|Any CPU
		{B78E807E-7334-413F-81C1-9BDC0E2FDF1E}.Release|Any CPU.Build.0 = Release|Any CPU
		{B78E807E-7334-413F-81C1-9BDC0E2FDF1E}.Release|x64.ActiveCfg = Release|Any CPU
		{B78E807E-7334-413F-81C1-9BDC0E2FDF1E}.Release|x64.Build.0 = Release|Any CPU
		{B78E807E-7334-413F-81C1-9BDC0E2FDF1E}.Release|x86.ActiveCfg = Release|Any CPU
		{B78E807E-7334-413F-81C1-9BDC0E2FDF1E}.Release|x86.Build.0 = Release|Any CPU
		{CBD4CE33-3E4F-480B-9993-01731455212F}.Debug|Any CPU.ActiveCfg = Debug|Any CPU
		{CBD4CE33-3E4F-480B-9993-01731455212F}.Debug|Any CPU.Build.0 = Debug|Any CPU
		{CBD4CE33-3E4F-480B-9993-01731455212F}.Debug|x64.ActiveCfg = Debug|Any CPU
		{CBD4CE33-3E4F-480B-9993-01731455212F}.Debug|x64.Build.0 = Debug|Any CPU
		{CBD4CE33-3E4F-480B-9993-01731455212F}.Debug|x86.ActiveCfg = Debug|Any CPU
		{CBD4CE33-3E4F-480B-9993-01731455212F}.Debug|x86.Build.0 = Debug|Any CPU
		{CBD4CE33-3E4F-480B-9993-01731455212F}.Release|Any CPU.ActiveCfg = Release|Any CPU
		{CBD4CE33-3E4F-480B-9993-01731455212F}.Release|Any CPU.Build.0 = Release|Any CPU
		{CBD4CE33-3E4F-480B-9993-01731455212F}.Release|x64.ActiveCfg = Release|Any CPU
		{CBD4CE33-3E4F-480B-9993-01731455212F}.Release|x64.Build.0 = Release|Any CPU
		{CBD4CE33-3E4F-480B-9993-01731455212F}.Release|x86.ActiveCfg = Release|Any CPU
		{CBD4CE33-3E4F-480B-9993-01731455212F}.Release|x86.Build.0 = Release|Any CPU
	EndGlobalSection
	GlobalSection(SolutionProperties) = preSolution
		HideSolutionNode = FALSE
	EndGlobalSection
	GlobalSection(ExtensibilityGlobals) = postSolution
		SolutionGuid = {A79DAA11-10AE-4E8C-912C-2B8483E247B9}
	EndGlobalSection
EndGlobal
